{
  "R": {
    "Version": "4.3.2",
    "Repositories": [
      { "Name": "CRAN",        "URL": "https://cloud.r-project.org" },
      { "Name": "Bioconductor","URL": "https://bioconductor.org/packages/3.18/bioc" }
    ]
  },
  "Bioconductor": {
    "Version": "3.18"
  },
  "Packages": {
    "targets": {
      "Package": "targets",
      "Version": "1.6.0",
      "Source": "Repository",
      "Repository": "CRAN",
      "Hash": "placeholder_run_renv_snapshot"
    },
    "tarchetypes": {
      "Package": "tarchetypes",
      "Version": "0.8.0",
      "Source": "Repository",
      "Repository": "CRAN"
    },
    "DESeq2": {
      "Package": "DESeq2",
      "Version": "1.42.0",
      "Source": "Bioconductor",
      "Repository": "Bioconductor"
    },
    "GEOquery": {
      "Package": "GEOquery",
      "Version": "2.70.0",
      "Source": "Bioconductor",
      "Repository": "Bioconductor"
    },
    "glmGamPoi": {
      "Package": "glmGamPoi",
      "Version": "1.14.0",
      "Source": "Bioconductor",
      "Repository": "Bioconductor"
    },
    "apeglm": {
      "Package": "apeglm",
      "Version": "1.24.0",
      "Source": "Bioconductor",
      "Repository": "Bioconductor"
    },
    "ashr": {
      "Package": "ashr",
      "Version": "2.2-63",
      "Source": "Repository",
      "Repository": "CRAN"
    },
    "clusterProfiler": {
      "Package": "clusterProfiler",
      "Version": "4.10.0",
      "Source": "Bioconductor",
      "Repository": "Bioconductor"
    },
    "org.Hs.eg.db": {
      "Package": "org.Hs.eg.db",
      "Version": "3.18.0",
      "Source": "Bioconductor",
      "Repository": "Bioconductor"
    },
    "Mfuzz": {
      "Package": "Mfuzz",
      "Version": "2.66.0",
      "Source": "Bioconductor",
      "Repository": "Bioconductor"
    },
    "NMF": {
      "Package": "NMF",
      "Version": "0.28",
      "Source": "Repository",
      "Repository": "CRAN"
    },
    "mclust": {
      "Package": "mclust",
      "Version": "6.1.1",
      "Source": "Repository",
      "Repository": "CRAN"
    },
    "edgeR": {
      "Package": "edgeR",
      "Version": "4.0.2",
      "Source": "Bioconductor",
      "Repository": "Bioconductor"
    },
    "ggplot2": {
      "Package": "ggplot2",
      "Version": "3.5.0",
      "Source": "Repository",
      "Repository": "CRAN"
    },
    "ggrepel": {
      "Package": "ggrepel",
      "Version": "0.9.5",
      "Source": "Repository",
      "Repository": "CRAN"
    },
    "patchwork": {
      "Package": "patchwork",
      "Version": "1.2.0",
      "Source": "Repository",
      "Repository": "CRAN"
    },
    "pheatmap": {
      "Package": "pheatmap",
      "Version": "1.0.12",
      "Source": "Repository",
      "Repository": "CRAN"
    },
    "RColorBrewer": {
      "Package": "RColorBrewer",
      "Version": "1.1-3",
      "Source": "Repository",
      "Repository": "CRAN"
    },
    "dplyr": {
      "Package": "dplyr",
      "Version": "1.1.4",
      "Source": "Repository",
      "Repository": "CRAN"
    },
    "tidyr": {
      "Package": "tidyr",
      "Version": "1.3.1",
      "Source": "Repository",
      "Repository": "CRAN"
    },
    "purrr": {
      "Package": "purrr",
      "Version": "1.0.2",
      "Source": "Repository",
      "Repository": "CRAN"
    },
    "tibble": {
      "Package": "tibble",
      "Version": "3.2.1",
      "Source": "Repository",
      "Repository": "CRAN"
    },
    "readr": {
      "Package": "readr",
      "Version": "2.1.5",
      "Source": "Repository",
      "Repository": "CRAN"
    },
    "stringr": {
      "Package": "stringr",
      "Version": "1.5.1",
      "Source": "Repository",
      "Repository": "CRAN"
    },
    "matrixStats": {
      "Package": "matrixStats",
      "Version": "1.2.0",
      "Source": "Repository",
      "Repository": "CRAN"
    },
    "scales": {
      "Package": "scales",
      "Version": "1.3.0",
      "Source": "Repository",
      "Repository": "CRAN"
    },
    "knitr": {
      "Package": "knitr",
      "Version": "1.45",
      "Source": "Repository",
      "Repository": "CRAN"
    },
    "kableExtra": {
      "Package": "kableExtra",
      "Version": "1.3.4",
      "Source": "Repository",
      "Repository": "CRAN"
    },
    "renv": {
      "Package": "renv",
      "Version": "1.0.5",
      "Source": "Repository",
      "Repository": "CRAN"
    }
  }
}
